{
  "requires": true,
  "lockfileVersion": 1,
  "dependencies": {
    "httpntlm": {
      "version": "1.6.1",
      "resolved": "http://registry.npm.taobao.org/httpntlm/download/httpntlm-1.6.1.tgz",
      "requires": {
        "httpreq": "0.4.24",
        "underscore": "1.7.0"
      },
      "dependencies": {
        "httpreq": {
          "version": "0.4.24",
          "bundled": true
        },
        "underscore": {
          "version": "1.7.0",
          "bundled": true
        }
      }
    },
    "httpreq": {
      "version": "0.4.24",
      "resolved": "http://registry.npm.taobao.org/httpreq/download/httpreq-0.4.24.tgz"
    },
    "nodemailer": {
      "version": "4.4.2",
      "resolved": "http://registry.npm.taobao.org/nodemailer/download/nodemailer-4.4.2.tgz"
    },
    "nodemailer-fetch": {
      "version": "1.6.0",
      "resolved": "http://registry.npm.taobao.org/nodemailer-fetch/download/nodemailer-fetch-1.6.0.tgz"
    },
    "nodemailer-shared": {
      "version": "1.1.0",
      "resolved": "http://registry.npm.taobao.org/nodemailer-shared/download/nodemailer-shared-1.1.0.tgz",
      "requires": {
        "nodemailer-fetch": "1.6.0"
      },
      "dependencies": {
        "nodemailer-fetch": {
          "version": "1.6.0",
          "bundled": true
        }
      }
    },
    "nodemailer-smtp-transport": {
      "version": "2.7.4",
      "resolved": "http://registry.npm.taobao.org/nodemailer-smtp-transport/download/nodemailer-smtp-transport-2.7.4.tgz",
      "requires": {
        "nodemailer-shared": "1.1.0",
        "nodemailer-wellknown": "0.1.10",
        "smtp-connection": "2.12.0"
      },
      "dependencies": {
        "nodemailer-shared": {
          "version": "1.1.0",
          "bundled": true,
          "requires": {
            "nodemailer-fetch": "1.6.0"
          },
          "dependencies": {
            "nodemailer-fetch": {
              "version": "1.6.0",
              "bundled": true
            }
          }
        },
        "nodemailer-wellknown": {
          "version": "0.1.10",
          "bundled": true
        },
        "smtp-connection": {
          "version": "2.12.0",
          "bundled": true,
          "requires": {
            "httpntlm": "1.6.1",
            "nodemailer-shared": "1.1.0"
          },
          "dependencies": {
            "httpntlm": {
              "version": "1.6.1",
              "bundled": true,
              "requires": {
                "httpreq": "0.4.24",
                "underscore": "1.7.0"
              },
              "dependencies": {
                "httpreq": {
                  "version": "0.4.24",
                  "bundled": true
                },
                "underscore": {
                  "version": "1.7.0",
                  "bundled": true
                }
              }
            },
            "nodemailer-shared": {
              "version": "1.1.0",
              "bundled": true,
              "requires": {
                "nodemailer-fetch": "1.6.0"
              },
              "dependencies": {
                "nodemailer-fetch": {
                  "version": "1.6.0",
                  "bundled": true
                }
              }
            }
          }
        }
      }
    },
    "nodemailer-wellknown": {
      "version": "0.1.10",
      "resolved": "http://registry.npm.taobao.org/nodemailer-wellknown/download/nodemailer-wellknown-0.1.10.tgz"
    },
    "smtp-connection": {
      "version": "2.12.0",
      "resolved": "http://registry.npm.taobao.org/smtp-connection/download/smtp-connection-2.12.0.tgz",
      "requires": {
        "httpntlm": "1.6.1",
        "nodemailer-shared": "1.1.0"
      },
      "dependencies": {
        "httpntlm": {
          "version": "1.6.1",
          "bundled": true,
          "requires": {
            "httpreq": "0.4.24",
            "underscore": "1.7.0"
          },
          "dependencies": {}
        },
        "nodemailer-shared": {
          "version": "1.1.0",
          "bundled": true,
          "requires": {
            "nodemailer-fetch": "1.6.0"
          },
          "dependencies": {}
        }
      }
    },
    "underscore": {
      "version": "1.7.0",
      "resolved": "http://registry.npm.taobao.org/underscore/download/underscore-1.7.0.tgz"
    }
  }
}
